// !$*UTF8*$!
{
	archiveVersion = 1;
	classes = {
	};
	objectVersion = 56;
	objects = {

/* Begin PBXBuildFile section */
		302E41732A9B99460050EC15 /* AppDelegate.swift in Sources */ = {isa = PBXBuildFile; fileRef = 302E41722A9B99460050EC15 /* AppDelegate.swift */; };
		302E41752A9B99460050EC15 /* SceneDelegate.swift in Sources */ = {isa = PBXBuildFile; fileRef = 302E41742A9B99460050EC15 /* SceneDelegate.swift */; };
		302E41772A9B99460050EC15 /* ListViewController.swift in Sources */ = {isa = PBXBuildFile; fileRef = 302E41762A9B99460050EC15 /* ListViewController.swift */; };
		302E417C2A9B99470050EC15 /* Assets.xcassets in Resources */ = {isa = PBXBuildFile; fileRef = 302E417B2A9B99470050EC15 /* Assets.xcassets */; };
		302E417F2A9B99470050EC15 /* LaunchScreen.storyboard in Resources */ = {isa = PBXBuildFile; fileRef = 302E417D2A9B99470050EC15 /* LaunchScreen.storyboard */; };
		302E41872A9B997E0050EC15 /* GoogleService-Info.plist in Resources */ = {isa = PBXBuildFile; fileRef = 302E41862A9B997E0050EC15 /* GoogleService-Info.plist */; };
		302E418A2A9B99F30050EC15 /* FirebaseAuth in Frameworks */ = {isa = PBXBuildFile; productRef = 302E41892A9B99F30050EC15 /* FirebaseAuth */; };
		302E418C2A9B99F30050EC15 /* FirebaseAuthCombine-Community in Frameworks */ = {isa = PBXBuildFile; productRef = 302E418B2A9B99F30050EC15 /* FirebaseAuthCombine-Community */; };
		302E418E2A9B99F30050EC15 /* FirebaseDatabase in Frameworks */ = {isa = PBXBuildFile; productRef = 302E418D2A9B99F30050EC15 /* FirebaseDatabase */; };
		302E41902A9B99F30050EC15 /* FirebaseDatabaseSwift in Frameworks */ = {isa = PBXBuildFile; productRef = 302E418F2A9B99F30050EC15 /* FirebaseDatabaseSwift */; };
		302E41922A9B99F30050EC15 /* FirebaseFirestore in Frameworks */ = {isa = PBXBuildFile; productRef = 302E41912A9B99F30050EC15 /* FirebaseFirestore */; };
		302E41942A9B99F30050EC15 /* FirebaseFirestoreCombine-Community in Frameworks */ = {isa = PBXBuildFile; productRef = 302E41932A9B99F30050EC15 /* FirebaseFirestoreCombine-Community */; };
		302E41962A9B99F30050EC15 /* FirebaseFirestoreSwift in Frameworks */ = {isa = PBXBuildFile; productRef = 302E41952A9B99F30050EC15 /* FirebaseFirestoreSwift */; };
		302E41982A9B99F30050EC15 /* FirebaseStorage in Frameworks */ = {isa = PBXBuildFile; productRef = 302E41972A9B99F30050EC15 /* FirebaseStorage */; };
		302E419A2A9B99F30050EC15 /* FirebaseStorageCombine-Community in Frameworks */ = {isa = PBXBuildFile; productRef = 302E41992A9B99F30050EC15 /* FirebaseStorageCombine-Community */; };
		302E419F2A9BCC970050EC15 /* AddViewController.swift in Sources */ = {isa = PBXBuildFile; fileRef = 302E419E2A9BCC970050EC15 /* AddViewController.swift */; };
		302E41A12A9BCC9F0050EC15 /* DetailViewController.swift in Sources */ = {isa = PBXBuildFile; fileRef = 302E41A02A9BCC9F0050EC15 /* DetailViewController.swift */; };
		302E41A52A9BD02E0050EC15 /* Kingfisher in Frameworks */ = {isa = PBXBuildFile; productRef = 302E41A42A9BD02E0050EC15 /* Kingfisher */; };
/* End PBXBuildFile section */

/* Begin PBXFileReference section */
		302E416F2A9B99460050EC15 /* TodoWithViper.app */ = {isa = PBXFileReference; explicitFileType = wrapper.application; includeInIndex = 0; path = TodoWithViper.app; sourceTree = BUILT_PRODUCTS_DIR; };
		302E41722A9B99460050EC15 /* AppDelegate.swift */ = {isa = PBXFileReference; lastKnownFileType = sourcecode.swift; path = AppDelegate.swift; sourceTree = "<group>"; };
		302E41742A9B99460050EC15 /* SceneDelegate.swift */ = {isa = PBXFileReference; lastKnownFileType = sourcecode.swift; path = SceneDelegate.swift; sourceTree = "<group>"; };
		302E41762A9B99460050EC15 /* ListViewController.swift */ = {isa = PBXFileReference; lastKnownFileType = sourcecode.swift; path = ListViewController.swift; sourceTree = "<group>"; };
		302E417B2A9B99470050EC15 /* Assets.xcassets */ = {isa = PBXFileReference; lastKnownFileType = folder.assetcatalog; path = Assets.xcassets; sourceTree = "<group>"; };
		302E417E2A9B99470050EC15 /* Base */ = {isa = PBXFileReference; lastKnownFileType = file.storyboard; name = Base; path = Base.lproj/LaunchScreen.storyboard; sourceTree = "<group>"; };
		302E41802A9B99470050EC15 /* Info.plist */ = {isa = PBXFileReference; lastKnownFileType = text.plist.xml; path = Info.plist; sourceTree = "<group>"; };
		302E41862A9B997E0050EC15 /* GoogleService-Info.plist */ = {isa = PBXFileReference; fileEncoding = 4; lastKnownFileType = text.plist.xml; path = "GoogleService-Info.plist"; sourceTree = "<group>"; };
		302E419E2A9BCC970050EC15 /* AddViewController.swift */ = {isa = PBXFileReference; lastKnownFileType = sourcecode.swift; path = AddViewController.swift; sourceTree = "<group>"; };
		302E41A02A9BCC9F0050EC15 /* DetailViewController.swift */ = {isa = PBXFileReference; lastKnownFileType = sourcecode.swift; path = DetailViewController.swift; sourceTree = "<group>"; };
/* End PBXFileReference section */

/* Begin PBXFrameworksBuildPhase section */
		302E416C2A9B99460050EC15 /* Frameworks */ = {
			isa = PBXFrameworksBuildPhase;
			buildActionMask = 2147483647;
			files = (
				302E41902A9B99F30050EC15 /* FirebaseDatabaseSwift in Frameworks */,
				302E418E2A9B99F30050EC15 /* FirebaseDatabase in Frameworks */,
				302E418A2A9B99F30050EC15 /* FirebaseAuth in Frameworks */,
				302E41962A9B99F30050EC15 /* FirebaseFirestoreSwift in Frameworks */,
				302E41A52A9BD02E0050EC15 /* Kingfisher in Frameworks */,
				302E41942A9B99F30050EC15 /* FirebaseFirestoreCombine-Community in Frameworks */,
				302E41982A9B99F30050EC15 /* FirebaseStorage in Frameworks */,
				302E41922A9B99F30050EC15 /* FirebaseFirestore in Frameworks */,
				302E419A2A9B99F30050EC15 /* FirebaseStorageCombine-Community in Frameworks */,
				302E418C2A9B99F30050EC15 /* FirebaseAuthCombine-Community in Frameworks */,
			);
			runOnlyForDeploymentPostprocessing = 0;
		};
/* End PBXFrameworksBuildPhase section */

/* Begin PBXGroup section */
		302E41662A9B99460050EC15 = {
			isa = PBXGroup;
			children = (
				302E41712A9B99460050EC15 /* TodoWithViper */,
				302E41702A9B99460050EC15 /* Products */,
			);
			sourceTree = "<group>";
		};
		302E41702A9B99460050EC15 /* Products */ = {
			isa = PBXGroup;
			children = (
				302E416F2A9B99460050EC15 /* TodoWithViper.app */,
			);
			name = Products;
			sourceTree = "<group>";
		};
		302E41712A9B99460050EC15 /* TodoWithViper */ = {
			isa = PBXGroup;
			children = (
				302E41A22A9BCCB40050EC15 /* Login */,
				302E419D2A9BCC620050EC15 /* Detail */,
				302E419C2A9BCC4A0050EC15 /* Add */,
				302E419B2A9BCC420050EC15 /* List */,
				302E41722A9B99460050EC15 /* AppDelegate.swift */,
				302E41742A9B99460050EC15 /* SceneDelegate.swift */,
				302E417B2A9B99470050EC15 /* Assets.xcassets */,
				302E417D2A9B99470050EC15 /* LaunchScreen.storyboard */,
				302E41802A9B99470050EC15 /* Info.plist */,
				302E41862A9B997E0050EC15 /* GoogleService-Info.plist */,
			);
			path = TodoWithViper;
			sourceTree = "<group>";
		};
		302E419B2A9BCC420050EC15 /* List */ = {
			isa = PBXGroup;
			children = (
				302E41762A9B99460050EC15 /* ListViewController.swift */,
			);
			path = List;
			sourceTree = "<group>";
		};
		302E419C2A9BCC4A0050EC15 /* Add */ = {
			isa = PBXGroup;
			children = (
				302E419E2A9BCC970050EC15 /* AddViewController.swift */,
			);
			path = Add;
			sourceTree = "<group>";
		};
		302E419D2A9BCC620050EC15 /* Detail */ = {
			isa = PBXGroup;
			children = (
				302E41A02A9BCC9F0050EC15 /* DetailViewController.swift */,
			);
			path = Detail;
			sourceTree = "<group>";
		};
		302E41A22A9BCCB40050EC15 /* Login */ = {
			isa = PBXGroup;
			children = (
			);
			path = Login;
			sourceTree = "<group>";
		};
/* End PBXGroup section */

/* Begin PBXNativeTarget section */
		302E416E2A9B99460050EC15 /* TodoWithViper */ = {
			isa = PBXNativeTarget;
			buildConfigurationList = 302E41832A9B99470050EC15 /* Build configuration list for PBXNativeTarget "TodoWithViper" */;
			buildPhases = (
				302E416B2A9B99460050EC15 /* Sources */,
				302E416C2A9B99460050EC15 /* Frameworks */,
				302E416D2A9B99460050EC15 /* Resources */,
			);
			buildRules = (
			);
			dependencies = (
			);
			name = TodoWithViper;
			packageProductDependencies = (
				302E41892A9B99F30050EC15 /* FirebaseAuth */,
				302E418B2A9B99F30050EC15 /* FirebaseAuthCombine-Community */,
				302E418D2A9B99F30050EC15 /* FirebaseDatabase */,
				302E418F2A9B99F30050EC15 /* FirebaseDatabaseSwift */,
				302E41912A9B99F30050EC15 /* FirebaseFirestore */,
				302E41932A9B99F30050EC15 /* FirebaseFirestoreCombine-Community */,
				302E41952A9B99F30050EC15 /* FirebaseFirestoreSwift */,
				302E41972A9B99F30050EC15 /* FirebaseStorage */,
				302E41992A9B99F30050EC15 /* FirebaseStorageCombine-Community */,
				302E41A42A9BD02E0050EC15 /* Kingfisher */,
			);
			productName = TodoWithViper;
			productReference = 302E416F2A9B99460050EC15 /* TodoWithViper.app */;
			productType = "com.apple.product-type.application";
		};
/* End PBXNativeTarget section */

/* Begin PBXProject section */
		302E41672A9B99460050EC15 /* Project object */ = {
			isa = PBXProject;
			attributes = {
				BuildIndependentTargetsInParallel = 1;
				LastSwiftUpdateCheck = 1430;
				LastUpgradeCheck = 1430;
				TargetAttributes = {
					302E416E2A9B99460050EC15 = {
						CreatedOnToolsVersion = 14.3.1;
					};
				};
			};
			buildConfigurationList = 302E416A2A9B99460050EC15 /* Build configuration list for PBXProject "TodoWithViper" */;
			compatibilityVersion = "Xcode 14.0";
			developmentRegion = en;
			hasScannedForEncodings = 0;
			knownRegions = (
				en,
				Base,
			);
			mainGroup = 302E41662A9B99460050EC15;
			packageReferences = (
				302E41882A9B99F30050EC15 /* XCRemoteSwiftPackageReference "firebase-ios-sdk" */,
				302E41A32A9BD02E0050EC15 /* XCRemoteSwiftPackageReference "Kingfisher" */,
			);
			productRefGroup = 302E41702A9B99460050EC15 /* Products */;
			projectDirPath = "";
			projectRoot = "";
			targets = (
				302E416E2A9B99460050EC15 /* TodoWithViper */,
			);
		};
/* End PBXProject section */

/* Begin PBXResourcesBuildPhase section */
		302E416D2A9B99460050EC15 /* Resources */ = {
			isa = PBXResourcesBuildPhase;
			buildActionMask = 2147483647;
			files = (
				302E41872A9B997E0050EC15 /* GoogleService-Info.plist in Resources */,
				302E417F2A9B99470050EC15 /* LaunchScreen.storyboard in Resources */,
				302E417C2A9B99470050EC15 /* Assets.xcassets in Resources */,
			);
			runOnlyForDeploymentPostprocessing = 0;
		};
/* End PBXResourcesBuildPhase section */

/* Begin PBXSourcesBuildPhase section */
		302E416B2A9B99460050EC15 /* Sources */ = {
			isa = PBXSourcesBuildPhase;
			buildActionMask = 2147483647;
			files = (
				302E41772A9B99460050EC15 /* ListViewController.swift in Sources */,
				302E41732A9B99460050EC15 /* AppDelegate.swift in Sources */,
				302E41A12A9BCC9F0050EC15 /* DetailViewController.swift in Sources */,
				302E419F2A9BCC970050EC15 /* AddViewController.swift in Sources */,
				302E41752A9B99460050EC15 /* SceneDelegate.swift in Sources */,
			);
			runOnlyForDeploymentPostprocessing = 0;
		};
/* End PBXSourcesBuildPhase section */

/* Begin PBXVariantGroup section */
		302E417D2A9B99470050EC15 /* LaunchScreen.storyboard */ = {
			isa = PBXVariantGroup;
			children = (
				302E417E2A9B99470050EC15 /* Base */,
			);
			name = LaunchScreen.storyboard;
			sourceTree = "<group>";
		};
/* End PBXVariantGroup section */

/* Begin XCBuildConfiguration section */
		302E41812A9B99470050EC15 /* Debug */ = {
			isa = XCBuildConfiguration;
			buildSettings = {
				ALWAYS_SEARCH_USER_PATHS = NO;
				CLANG_ANALYZER_NONNULL = YES;
				CLANG_ANALYZER_NUMBER_OBJECT_CONVERSION = YES_AGGRESSIVE;
				CLANG_CXX_LANGUAGE_STANDARD = "gnu++20";
				CLANG_ENABLE_MODULES = YES;
				CLANG_ENABLE_OBJC_ARC = YES;
				CLANG_ENABLE_OBJC_WEAK = YES;
				CLANG_WARN_BLOCK_CAPTURE_AUTORELEASING = YES;
				CLANG_WARN_BOOL_CONVERSION = YES;
				CLANG_WARN_COMMA = YES;
				CLANG_WARN_CONSTANT_CONVERSION = YES;
				CLANG_WARN_DEPRECATED_OBJC_IMPLEMENTATIONS = YES;
				CLANG_WARN_DIRECT_OBJC_ISA_USAGE = YES_ERROR;
				CLANG_WARN_DOCUMENTATION_COMMENTS = YES;
				CLANG_WARN_EMPTY_BODY = YES;
				CLANG_WARN_ENUM_CONVERSION = YES;
				CLANG_WARN_INFINITE_RECURSION = YES;
				CLANG_WARN_INT_CONVERSION = YES;
				CLANG_WARN_NON_LITERAL_NULL_CONVERSION = YES;
				CLANG_WARN_OBJC_IMPLICIT_RETAIN_SELF = YES;
				CLANG_WARN_OBJC_LITERAL_CONVERSION = YES;
				CLANG_WARN_OBJC_ROOT_CLASS = YES_ERROR;
				CLANG_WARN_QUOTED_INCLUDE_IN_FRAMEWORK_HEADER = YES;
				CLANG_WARN_RANGE_LOOP_ANALYSIS = YES;
				CLANG_WARN_STRICT_PROTOTYPES = YES;
				CLANG_WARN_SUSPICIOUS_MOVE = YES;
				CLANG_WARN_UNGUARDED_AVAILABILITY = YES_AGGRESSIVE;
				CLANG_WARN_UNREACHABLE_CODE = YES;
				CLANG_WARN__DUPLICATE_METHOD_MATCH = YES;
				COPY_PHASE_STRIP = NO;
				DEBUG_INFORMATION_FORMAT = dwarf;
				ENABLE_STRICT_OBJC_MSGSEND = YES;
				ENABLE_TESTABILITY = YES;
				GCC_C_LANGUAGE_STANDARD = gnu11;
				GCC_DYNAMIC_NO_PIC = NO;
				GCC_NO_COMMON_BLOCKS = YES;
				GCC_OPTIMIZATION_LEVEL = 0;
				GCC_PREPROCESSOR_DEFINITIONS = (
					"DEBUG=1",
					"$(inherited)",
				);
				GCC_WARN_64_TO_32_BIT_CONVERSION = YES;
				GCC_WARN_ABOUT_RETURN_TYPE = YES_ERROR;
				GCC_WARN_UNDECLARED_SELECTOR = YES;
				GCC_WARN_UNINITIALIZED_AUTOS = YES_AGGRESSIVE;
				GCC_WARN_UNUSED_FUNCTION = YES;
				GCC_WARN_UNUSED_VARIABLE = YES;
				IPHONEOS_DEPLOYMENT_TARGET = 16.4;
				MTL_ENABLE_DEBUG_INFO = INCLUDE_SOURCE;
				MTL_FAST_MATH = YES;
				ONLY_ACTIVE_ARCH = YES;
				SDKROOT = iphoneos;
				SWIFT_ACTIVE_COMPILATION_CONDITIONS = DEBUG;
				SWIFT_OPTIMIZATION_LEVEL = "-Onone";
			};
			name = Debug;
		};
		302E41822A9B99470050EC15 /* Release */ = {
			isa = XCBuildConfiguration;
			buildSettings = {
				ALWAYS_SEARCH_USER_PATHS = NO;
				CLANG_ANALYZER_NONNULL = YES;
				CLANG_ANALYZER_NUMBER_OBJECT_CONVERSION = YES_AGGRESSIVE;
				CLANG_CXX_LANGUAGE_STANDARD = "gnu++20";
				CLANG_ENABLE_MODULES = YES;
				CLANG_ENABLE_OBJC_ARC = YES;
				CLANG_ENABLE_OBJC_WEAK = YES;
				CLANG_WARN_BLOCK_CAPTURE_AUTORELEASING = YES;
				CLANG_WARN_BOOL_CONVERSION = YES;
				CLANG_WARN_COMMA = YES;
				CLANG_WARN_CONSTANT_CONVERSION = YES;
				CLANG_WARN_DEPRECATED_OBJC_IMPLEMENTATIONS = YES;
				CLANG_WARN_DIRECT_OBJC_ISA_USAGE = YES_ERROR;
				CLANG_WARN_DOCUMENTATION_COMMENTS = YES;
				CLANG_WARN_EMPTY_BODY = YES;
				CLANG_WARN_ENUM_CONVERSION = YES;
				CLANG_WARN_INFINITE_RECURSION = YES;
				CLANG_WARN_INT_CONVERSION = YES;
				CLANG_WARN_NON_LITERAL_NULL_CONVERSION = YES;
				CLANG_WARN_OBJC_IMPLICIT_RETAIN_SELF = YES;
				CLANG_WARN_OBJC_LITERAL_CONVERSION = YES;
				CLANG_WARN_OBJC_ROOT_CLASS = YES_ERROR;
				CLANG_WARN_QUOTED_INCLUDE_IN_FRAMEWORK_HEADER = YES;
				CLANG_WARN_RANGE_LOOP_ANALYSIS = YES;
				CLANG_WARN_STRICT_PROTOTYPES = YES;
				CLANG_WARN_SUSPICIOUS_MOVE = YES;
				CLANG_WARN_UNGUARDED_AVAILABILITY = YES_AGGRESSIVE;
				CLANG_WARN_UNREACHABLE_CODE = YES;
				CLANG_WARN__DUPLICATE_METHOD_MATCH = YES;
				COPY_PHASE_STRIP = NO;
				DEBUG_INFORMATION_FORMAT = "dwarf-with-dsym";
				ENABLE_NS_ASSERTIONS = NO;
				ENABLE_STRICT_OBJC_MSGSEND = YES;
				GCC_C_LANGUAGE_STANDARD = gnu11;
				GCC_NO_COMMON_BLOCKS = YES;
				GCC_WARN_64_TO_32_BIT_CONVERSION = YES;
				GCC_WARN_ABOUT_RETURN_TYPE = YES_ERROR;
				GCC_WARN_UNDECLARED_SELECTOR = YES;
				GCC_WARN_UNINITIALIZED_AUTOS = YES_AGGRESSIVE;
				GCC_WARN_UNUSED_FUNCTION = YES;
				GCC_WARN_UNUSED_VARIABLE = YES;
				IPHONEOS_DEPLOYMENT_TARGET = 16.4;
				MTL_ENABLE_DEBUG_INFO = NO;
				MTL_FAST_MATH = YES;
				SDKROOT = iphoneos;
				SWIFT_COMPILATION_MODE = wholemodule;
				SWIFT_OPTIMIZATION_LEVEL = "-O";
				VALIDATE_PRODUCT = YES;
			};
			name = Release;
		};
		302E41842A9B99470050EC15 /* Debug */ = {
			isa = XCBuildConfiguration;
			buildSettings = {
				ASSETCATALOG_COMPILER_APPICON_NAME = AppIcon;
				ASSETCATALOG_COMPILER_GLOBAL_ACCENT_COLOR_NAME = AccentColor;
				CODE_SIGN_STYLE = Automatic;
				CURRENT_PROJECT_VERSION = 1;
				DEVELOPMENT_TEAM = 5D7BCH3W4F;
				GENERATE_INFOPLIST_FILE = YES;
				INFOPLIST_FILE = TodoWithViper/Info.plist;
				INFOPLIST_KEY_UIApplicationSupportsIndirectInputEvents = YES;
				INFOPLIST_KEY_UILaunchStoryboardName = LaunchScreen;
				INFOPLIST_KEY_UIMainStoryboardFile = "";
				INFOPLIST_KEY_UISupportedInterfaceOrientations_iPad = "UIInterfaceOrientationPortrait UIInterfaceOrientationPortraitUpsideDown UIInterfaceOrientationLandscapeLeft UIInterfaceOrientationLandscapeRight";
				INFOPLIST_KEY_UISupportedInterfaceOrientations_iPhone = "UIInterfaceOrientationPortrait UIInterfaceOrientationLandscapeLeft UIInterfaceOrientationLandscapeRight";
				LD_RUNPATH_SEARCH_PATHS = (
					"$(inherited)",
					"@executable_path/Frameworks",
				);
				MARKETING_VERSION = 1.0;
				PRODUCT_BUNDLE_IDENTIFIER = com.emrecakir.TodoWithViper;
				PRODUCT_NAME = "$(TARGET_NAME)";
				SWIFT_EMIT_LOC_STRINGS = YES;
				SWIFT_VERSION = 5.0;
				TARGETED_DEVICE_FAMILY = "1,2";
			};
			name = Debug;
		};
		302E41852A9B99470050EC15 /* Release */ = {
			isa = XCBuildConfiguration;
			buildSettings = {
				ASSETCATALOG_COMPILER_APPICON_NAME = AppIcon;
				ASSETCATALOG_COMPILER_GLOBAL_ACCENT_COLOR_NAME = AccentColor;
				CODE_SIGN_STYLE = Automatic;
				CURRENT_PROJECT_VERSION = 1;
				DEVELOPMENT_TEAM = 5D7BCH3W4F;
				GENERATE_INFOPLIST_FILE = YES;
				INFOPLIST_FILE = TodoWithViper/Info.plist;
				INFOPLIST_KEY_UIApplicationSupportsIndirectInputEvents = YES;
				INFOPLIST_KEY_UILaunchStoryboardName = LaunchScreen;
				INFOPLIST_KEY_UIMainStoryboardFile = "";
				INFOPLIST_KEY_UISupportedInterfaceOrientations_iPad = "UIInterfaceOrientationPortrait UIInterfaceOrientationPortraitUpsideDown UIInterfaceOrientationLandscapeLeft UIInterfaceOrientationLandscapeRight";
				INFOPLIST_KEY_UISupportedInterfaceOrientations_iPhone = "UIInterfaceOrientationPortrait UIInterfaceOrientationLandscapeLeft UIInterfaceOrientationLandscapeRight";
				LD_RUNPATH_SEARCH_PATHS = (
					"$(inherited)",
					"@executable_path/Frameworks",
				);
				MARKETING_VERSION = 1.0;
				PRODUCT_BUNDLE_IDENTIFIER = com.emrecakir.TodoWithViper;
				PRODUCT_NAME = "$(TARGET_NAME)";
				SWIFT_EMIT_LOC_STRINGS = YES;
				SWIFT_VERSION = 5.0;
				TARGETED_DEVICE_FAMILY = "1,2";
			};
			name = Release;
		};
/* End XCBuildConfiguration section */

/* Begin XCConfigurationList section */
		302E416A2A9B99460050EC15 /* Build configuration list for PBXProject "TodoWithViper" */ = {
			isa = XCConfigurationList;
			buildConfigurations = (
				302E41812A9B99470050EC15 /* Debug */,
				302E41822A9B99470050EC15 /* Release */,
			);
			defaultConfigurationIsVisible = 0;
			defaultConfigurationName = Release;
		};
		302E41832A9B99470050EC15 /* Build configuration list for PBXNativeTarget "TodoWithViper" */ = {
			isa = XCConfigurationList;
			buildConfigurations = (
				302E41842A9B99470050EC15 /* Debug */,
				302E41852A9B99470050EC15 /* Release */,
			);
			defaultConfigurationIsVisible = 0;
			defaultConfigurationName = Release;
		};
/* End XCConfigurationList section */

/* Begin XCRemoteSwiftPackageReference section */
		302E41882A9B99F30050EC15 /* XCRemoteSwiftPackageReference "firebase-ios-sdk" */ = {
			isa = XCRemoteSwiftPackageReference;
			repositoryURL = "https://github.com/firebase/firebase-ios-sdk";
			requirement = {
				kind = upToNextMajorVersion;
				minimumVersion = 10.0.0;
			};
		};
		302E41A32A9BD02E0050EC15 /* XCRemoteSwiftPackageReference "Kingfisher" */ = {
			isa = XCRemoteSwiftPackageReference;
			repositoryURL = "https://github.com/onevcat/Kingfisher";
			requirement = {
				kind = upToNextMajorVersion;
				minimumVersion = 7.0.0;
			};
		};
/* End XCRemoteSwiftPackageReference section */

/* Begin XCSwiftPackageProductDependency section */
		302E41892A9B99F30050EC15 /* FirebaseAuth */ = {
			isa = XCSwiftPackageProductDependency;
			package = 302E41882A9B99F30050EC15 /* XCRemoteSwiftPackageReference "firebase-ios-sdk" */;
			productName = FirebaseAuth;
		};
		302E418B2A9B99F30050EC15 /* FirebaseAuthCombine-Community */ = {
			isa = XCSwiftPackageProductDependency;
			package = 302E41882A9B99F30050EC15 /* XCRemoteSwiftPackageReference "firebase-ios-sdk" */;
			productName = "FirebaseAuthCombine-Community";
		};
		302E418D2A9B99F30050EC15 /* FirebaseDatabase */ = {
			isa = XCSwiftPackageProductDependency;
			package = 302E41882A9B99F30050EC15 /* XCRemoteSwiftPackageReference "firebase-ios-sdk" */;
			productName = FirebaseDatabase;
		};
		302E418F2A9B99F30050EC15 /* FirebaseDatabaseSwift */ = {
			isa = XCSwiftPackageProductDependency;
			package = 302E41882A9B99F30050EC15 /* XCRemoteSwiftPackageReference "firebase-ios-sdk" */;
			productName = FirebaseDatabaseSwift;
		};
		302E41912A9B99F30050EC15 /* FirebaseFirestore */ = {
			isa = XCSwiftPackageProductDependency;
			package = 302E41882A9B99F30050EC15 /* XCRemoteSwiftPackageReference "firebase-ios-sdk" */;
			productName = FirebaseFirestore;
		};
		302E41932A9B99F30050EC15 /* FirebaseFirestoreCombine-Community */ = {
			isa = XCSwiftPackageProductDependency;
			package = 302E41882A9B99F30050EC15 /* XCRemoteSwiftPackageReference "firebase-ios-sdk" */;
			productName = "FirebaseFirestoreCombine-Community";
		};
		302E41952A9B99F30050EC15 /* FirebaseFirestoreSwift */ = {
			isa = XCSwiftPackageProductDependency;
			package = 302E41882A9B99F30050EC15 /* XCRemoteSwiftPackageReference "firebase-ios-sdk" */;
			productName = FirebaseFirestoreSwift;
		};
		302E41972A9B99F30050EC15 /* FirebaseStorage */ = {
			isa = XCSwiftPackageProductDependency;
			package = 302E41882A9B99F30050EC15 /* XCRemoteSwiftPackageReference "firebase-ios-sdk" */;
			productName = FirebaseStorage;
		};
		302E41992A9B99F30050EC15 /* FirebaseStorageCombine-Community */ = {
			isa = XCSwiftPackageProductDependency;
			package = 302E41882A9B99F30050EC15 /* XCRemoteSwiftPackageReference "firebase-ios-sdk" */;
			productName = "FirebaseStorageCombine-Community";
		};
		302E41A42A9BD02E0050EC15 /* Kingfisher */ = {
			isa = XCSwiftPackageProductDependency;
			package = 302E41A32A9BD02E0050EC15 /* XCRemoteSwiftPackageReference "Kingfisher" */;
			productName = Kingfisher;
		};
/* End XCSwiftPackageProductDependency section */
	};
	rootObject = 302E41672A9B99460050EC15 /* Project object */;
}
